// !$*UTF8*$!
{
	archiveVersion = 1;
	classes = {
	};
	objectVersion = 55;
	objects = {

/* Begin PBXBuildFile section */
		37668EF828CBC7EB002DE4F7 /* LaunchScreen.storyboard in Resources */ = {isa = PBXBuildFile; fileRef = 37668EF728CBC7EB002DE4F7 /* LaunchScreen.storyboard */; };
		37668EFB28CBCAA8002DE4F7 /* JeuVideoViewModel.swift in Sources */ = {isa = PBXBuildFile; fileRef = 37668EFA28CBCAA8002DE4F7 /* JeuVideoViewModel.swift */; };
		37EE235E28D0BD8300CE41C3 /* DetailView.swift in Sources */ = {isa = PBXBuildFile; fileRef = 37EE235D28D0BD8300CE41C3 /* DetailView.swift */; };
		897E1F4028CB3C82001BE776 /* liste_jeuvidideo_9sept2022App.swift in Sources */ = {isa = PBXBuildFile; fileRef = 897E1F3F28CB3C82001BE776 /* liste_jeuvidideo_9sept2022App.swift */; };
		897E1F4228CB3C82001BE776 /* ContentView.swift in Sources */ = {isa = PBXBuildFile; fileRef = 897E1F4128CB3C82001BE776 /* ContentView.swift */; };
		897E1F4428CB3C84001BE776 /* Assets.xcassets in Resources */ = {isa = PBXBuildFile; fileRef = 897E1F4328CB3C84001BE776 /* Assets.xcassets */; };
		897E1F4728CB3C84001BE776 /* Preview Assets.xcassets in Resources */ = {isa = PBXBuildFile; fileRef = 897E1F4628CB3C84001BE776 /* Preview Assets.xcassets */; };
		897E1F4F28CB3CD6001BE776 /* PersonnageModel.swift in Sources */ = {isa = PBXBuildFile; fileRef = 897E1F4E28CB3CD6001BE776 /* PersonnageModel.swift */; };
/* End PBXBuildFile section */

/* Begin PBXFileReference section */
		37668EF628CBC7BD002DE4F7 /* liste-jeuvidideo-9sept2022-Info.plist */ = {isa = PBXFileReference; lastKnownFileType = text.plist; path = "liste-jeuvidideo-9sept2022-Info.plist"; sourceTree = SOURCE_ROOT; };
		37668EF728CBC7EB002DE4F7 /* LaunchScreen.storyboard */ = {isa = PBXFileReference; lastKnownFileType = file.storyboard; path = LaunchScreen.storyboard; sourceTree = "<group>"; };
		37668EFA28CBCAA8002DE4F7 /* JeuVideoViewModel.swift */ = {isa = PBXFileReference; lastKnownFileType = sourcecode.swift; path = JeuVideoViewModel.swift; sourceTree = "<group>"; };
		37EE235D28D0BD8300CE41C3 /* DetailView.swift */ = {isa = PBXFileReference; lastKnownFileType = sourcecode.swift; path = DetailView.swift; sourceTree = "<group>"; };
		897E1F3C28CB3C82001BE776 /* liste_jeuvidideo_9sept2022.app */ = {isa = PBXFileReference; explicitFileType = wrapper.application; includeInIndex = 0; path = liste_jeuvidideo_9sept2022.app; sourceTree = BUILT_PRODUCTS_DIR; };
		897E1F3F28CB3C82001BE776 /* liste_jeuvidideo_9sept2022App.swift */ = {isa = PBXFileReference; lastKnownFileType = sourcecode.swift; path = liste_jeuvidideo_9sept2022App.swift; sourceTree = "<group>"; };
		897E1F4128CB3C82001BE776 /* ContentView.swift */ = {isa = PBXFileReference; lastKnownFileType = sourcecode.swift; path = ContentView.swift; sourceTree = "<group>"; };
		897E1F4328CB3C84001BE776 /* Assets.xcassets */ = {isa = PBXFileReference; lastKnownFileType = folder.assetcatalog; path = Assets.xcassets; sourceTree = "<group>"; };
		897E1F4628CB3C84001BE776 /* Preview Assets.xcassets */ = {isa = PBXFileReference; lastKnownFileType = folder.assetcatalog; path = "Preview Assets.xcassets"; sourceTree = "<group>"; };
		897E1F4E28CB3CD6001BE776 /* PersonnageModel.swift */ = {isa = PBXFileReference; lastKnownFileType = sourcecode.swift; path = PersonnageModel.swift; sourceTree = "<group>"; };
/* End PBXFileReference section */

/* Begin PBXFrameworksBuildPhase section */
		897E1F3928CB3C82001BE776 /* Frameworks */ = {
			isa = PBXFrameworksBuildPhase;
			buildActionMask = 2147483647;
			files = (
			);
			runOnlyForDeploymentPostprocessing = 0;
		};
/* End PBXFrameworksBuildPhase section */

/* Begin PBXGroup section */
		37668EF428CBC5AD002DE4F7 /* Model */ = {
			isa = PBXGroup;
			children = (
				897E1F4E28CB3CD6001BE776 /* PersonnageModel.swift */,
			);
			path = Model;
			sourceTree = "<group>";
		};
		37668EF528CBC5B2002DE4F7 /* View */ = {
			isa = PBXGroup;
			children = (
				897E1F4128CB3C82001BE776 /* ContentView.swift */,
				37668EF728CBC7EB002DE4F7 /* LaunchScreen.storyboard */,
				37EE235D28D0BD8300CE41C3 /* DetailView.swift */,
			);
			path = View;
			sourceTree = "<group>";
		};
		37668EF928CBCA78002DE4F7 /* View Model */ = {
			isa = PBXGroup;
			children = (
				37668EFA28CBCAA8002DE4F7 /* JeuVideoViewModel.swift */,
			);
			path = "View Model";
			sourceTree = "<group>";
		};
		897E1F3328CB3C82001BE776 = {
			isa = PBXGroup;
			children = (
				897E1F3E28CB3C82001BE776 /* liste_jeuvidideo_9sept2022 */,
				897E1F3D28CB3C82001BE776 /* Products */,
			);
			sourceTree = "<group>";
		};
		897E1F3D28CB3C82001BE776 /* Products */ = {
			isa = PBXGroup;
			children = (
				897E1F3C28CB3C82001BE776 /* liste_jeuvidideo_9sept2022.app */,
			);
			name = Products;
			sourceTree = "<group>";
		};
		897E1F3E28CB3C82001BE776 /* liste_jeuvidideo_9sept2022 */ = {
			isa = PBXGroup;
			children = (
				37668EF628CBC7BD002DE4F7 /* liste-jeuvidideo-9sept2022-Info.plist */,
				897E1F3F28CB3C82001BE776 /* liste_jeuvidideo_9sept2022App.swift */,
				37668EF428CBC5AD002DE4F7 /* Model */,
				37668EF528CBC5B2002DE4F7 /* View */,
				37668EF928CBCA78002DE4F7 /* View Model */,
				897E1F4328CB3C84001BE776 /* Assets.xcassets */,
				897E1F4528CB3C84001BE776 /* Preview Content */,
			);
			path = liste_jeuvidideo_9sept2022;
			sourceTree = "<group>";
		};
		897E1F4528CB3C84001BE776 /* Preview Content */ = {
			isa = PBXGroup;
			children = (
				897E1F4628CB3C84001BE776 /* Preview Assets.xcassets */,
			);
			path = "Preview Content";
			sourceTree = "<group>";
		};
/* End PBXGroup section */

/* Begin PBXNativeTarget section */
		897E1F3B28CB3C82001BE776 /* liste_jeuvidideo_9sept2022 */ = {
			isa = PBXNativeTarget;
			buildConfigurationList = 897E1F4A28CB3C84001BE776 /* Build configuration list for PBXNativeTarget "liste_jeuvidideo_9sept2022" */;
			buildPhases = (
				897E1F3828CB3C82001BE776 /* Sources */,
				897E1F3928CB3C82001BE776 /* Frameworks */,
				897E1F3A28CB3C82001BE776 /* Resources */,
			);
			buildRules = (
			);
			dependencies = (
			);
			name = liste_jeuvidideo_9sept2022;
			productName = liste_jeuvidideo_9sept2022;
			productReference = 897E1F3C28CB3C82001BE776 /* liste_jeuvidideo_9sept2022.app */;
			productType = "com.apple.product-type.application";
		};
/* End PBXNativeTarget section */

/* Begin PBXProject section */
		897E1F3428CB3C82001BE776 /* Project object */ = {
			isa = PBXProject;
			attributes = {
				BuildIndependentTargetsInParallel = 1;
				LastSwiftUpdateCheck = 1340;
				LastUpgradeCheck = 1340;
				TargetAttributes = {
					897E1F3B28CB3C82001BE776 = {
						CreatedOnToolsVersion = 13.4;
					};
				};
			};
			buildConfigurationList = 897E1F3728CB3C82001BE776 /* Build configuration list for PBXProject "liste_jeuvidideo_9sept2022" */;
			compatibilityVersion = "Xcode 13.0";
			developmentRegion = en;
			hasScannedForEncodings = 0;
			knownRegions = (
				en,
				Base,
			);
			mainGroup = 897E1F3328CB3C82001BE776;
			productRefGroup = 897E1F3D28CB3C82001BE776 /* Products */;
			projectDirPath = "";
			projectRoot = "";
			targets = (
				897E1F3B28CB3C82001BE776 /* liste_jeuvidideo_9sept2022 */,
			);
		};
/* End PBXProject section */

/* Begin PBXResourcesBuildPhase section */
		897E1F3A28CB3C82001BE776 /* Resources */ = {
			isa = PBXResourcesBuildPhase;
			buildActionMask = 2147483647;
			files = (
				37668EF828CBC7EB002DE4F7 /* LaunchScreen.storyboard in Resources */,
				897E1F4728CB3C84001BE776 /* Preview Assets.xcassets in Resources */,
				897E1F4428CB3C84001BE776 /* Assets.xcassets in Resources */,
			);
			runOnlyForDeploymentPostprocessing = 0;
		};
/* End PBXResourcesBuildPhase section */

/* Begin PBXSourcesBuildPhase section */
		897E1F3828CB3C82001BE776 /* Sources */ = {
			isa = PBXSourcesBuildPhase;
			buildActionMask = 2147483647;
			files = (
				897E1F4228CB3C82001BE776 /* ContentView.swift in Sources */,
				37668EFB28CBCAA8002DE4F7 /* JeuVideoViewModel.swift in Sources */,
				897E1F4F28CB3CD6001BE776 /* PersonnageModel.swift in Sources */,
				37EE235E28D0BD8300CE41C3 /* DetailView.swift in Sources */,
				897E1F4028CB3C82001BE776 /* liste_jeuvidideo_9sept2022App.swift in Sources */,
			);
			runOnlyForDeploymentPostprocessing = 0;
		};
/* End PBXSourcesBuildPhase section */

/* Begin XCBuildConfiguration section */
		897E1F4828CB3C84001BE776 /* Debug */ = {
			isa = XCBuildConfiguration;
			buildSettings = {
				ALWAYS_SEARCH_USER_PATHS = NO;
				CLANG_ANALYZER_NONNULL = YES;
				CLANG_ANALYZER_NUMBER_OBJECT_CONVERSION = YES_AGGRESSIVE;
				CLANG_CXX_LANGUAGE_STANDARD = "gnu++17";
				CLANG_ENABLE_MODULES = YES;
				CLANG_ENABLE_OBJC_ARC = YES;
				CLANG_ENABLE_OBJC_WEAK = YES;
				CLANG_WARN_BLOCK_CAPTURE_AUTORELEASING = YES;
				CLANG_WARN_BOOL_CONVERSION = YES;
				CLANG_WARN_COMMA = YES;
				CLANG_WARN_CONSTANT_CONVERSION = YES;
				CLANG_WARN_DEPRECATED_OBJC_IMPLEMENTATIONS = YES;
				CLANG_WARN_DIRECT_OBJC_ISA_USAGE = YES_ERROR;
				CLANG_WARN_DOCUMENTATION_COMMENTS = YES;
				CLANG_WARN_EMPTY_BODY = YES;
				CLANG_WARN_ENUM_CONVERSION = YES;
				CLANG_WARN_INFINITE_RECURSION = YES;
				CLANG_WARN_INT_CONVERSION = YES;
				CLANG_WARN_NON_LITERAL_NULL_CONVERSION = YES;
				CLANG_WARN_OBJC_IMPLICIT_RETAIN_SELF = YES;
				CLANG_WARN_OBJC_LITERAL_CONVERSION = YES;
				CLANG_WARN_OBJC_ROOT_CLASS = YES_ERROR;
				CLANG_WARN_QUOTED_INCLUDE_IN_FRAMEWORK_HEADER = YES;
				CLANG_WARN_RANGE_LOOP_ANALYSIS = YES;
				CLANG_WARN_STRICT_PROTOTYPES = YES;
				CLANG_WARN_SUSPICIOUS_MOVE = YES;
				CLANG_WARN_UNGUARDED_AVAILABILITY = YES_AGGRESSIVE;
				CLANG_WARN_UNREACHABLE_CODE = YES;
				CLANG_WARN__DUPLICATE_METHOD_MATCH = YES;
				COPY_PHASE_STRIP = NO;
				DEBUG_INFORMATION_FORMAT = dwarf;
				ENABLE_STRICT_OBJC_MSGSEND = YES;
				ENABLE_TESTABILITY = YES;
				GCC_C_LANGUAGE_STANDARD = gnu11;
				GCC_DYNAMIC_NO_PIC = NO;
				GCC_NO_COMMON_BLOCKS = YES;
				GCC_OPTIMIZATION_LEVEL = 0;
				GCC_PREPROCESSOR_DEFINITIONS = (
					"DEBUG=1",
					"$(inherited)",
				);
				GCC_WARN_64_TO_32_BIT_CONVERSION = YES;
				GCC_WARN_ABOUT_RETURN_TYPE = YES_ERROR;
				GCC_WARN_UNDECLARED_SELECTOR = YES;
				GCC_WARN_UNINITIALIZED_AUTOS = YES_AGGRESSIVE;
				GCC_WARN_UNUSED_FUNCTION = YES;
				GCC_WARN_UNUSED_VARIABLE = YES;
				IPHONEOS_DEPLOYMENT_TARGET = 15.5;
				MTL_ENABLE_DEBUG_INFO = INCLUDE_SOURCE;
				MTL_FAST_MATH = YES;
				ONLY_ACTIVE_ARCH = YES;
				SDKROOT = iphoneos;
				SWIFT_ACTIVE_COMPILATION_CONDITIONS = DEBUG;
				SWIFT_OPTIMIZATION_LEVEL = "-Onone";
			};
			name = Debug;
		};
		897E1F4928CB3C84001BE776 /* Release */ = {
			isa = XCBuildConfiguration;
			buildSettings = {
				ALWAYS_SEARCH_USER_PATHS = NO;
				CLANG_ANALYZER_NONNULL = YES;
				CLANG_ANALYZER_NUMBER_OBJECT_CONVERSION = YES_AGGRESSIVE;
				CLANG_CXX_LANGUAGE_STANDARD = "gnu++17";
				CLANG_ENABLE_MODULES = YES;
				CLANG_ENABLE_OBJC_ARC = YES;
				CLANG_ENABLE_OBJC_WEAK = YES;
				CLANG_WARN_BLOCK_CAPTURE_AUTORELEASING = YES;
				CLANG_WARN_BOOL_CONVERSION = YES;
				CLANG_WARN_COMMA = YES;
				CLANG_WARN_CONSTANT_CONVERSION = YES;
				CLANG_WARN_DEPRECATED_OBJC_IMPLEMENTATIONS = YES;
				CLANG_WARN_DIRECT_OBJC_ISA_USAGE = YES_ERROR;
				CLANG_WARN_DOCUMENTATION_COMMENTS = YES;
				CLANG_WARN_EMPTY_BODY = YES;
				CLANG_WARN_ENUM_CONVERSION = YES;
				CLANG_WARN_INFINITE_RECURSION = YES;
				CLANG_WARN_INT_CONVERSION = YES;
				CLANG_WARN_NON_LITERAL_NULL_CONVERSION = YES;
				CLANG_WARN_OBJC_IMPLICIT_RETAIN_SELF = YES;
				CLANG_WARN_OBJC_LITERAL_CONVERSION = YES;
				CLANG_WARN_OBJC_ROOT_CLASS = YES_ERROR;
				CLANG_WARN_QUOTED_INCLUDE_IN_FRAMEWORK_HEADER = YES;
				CLANG_WARN_RANGE_LOOP_ANALYSIS = YES;
				CLANG_WARN_STRICT_PROTOTYPES = YES;
				CLANG_WARN_SUSPICIOUS_MOVE = YES;
				CLANG_WARN_UNGUARDED_AVAILABILITY = YES_AGGRESSIVE;
				CLANG_WARN_UNREACHABLE_CODE = YES;
				CLANG_WARN__DUPLICATE_METHOD_MATCH = YES;
				COPY_PHASE_STRIP = NO;
				DEBUG_INFORMATION_FORMAT = "dwarf-with-dsym";
				ENABLE_NS_ASSERTIONS = NO;
				ENABLE_STRICT_OBJC_MSGSEND = YES;
				GCC_C_LANGUAGE_STANDARD = gnu11;
				GCC_NO_COMMON_BLOCKS = YES;
				GCC_WARN_64_TO_32_BIT_CONVERSION = YES;
				GCC_WARN_ABOUT_RETURN_TYPE = YES_ERROR;
				GCC_WARN_UNDECLARED_SELECTOR = YES;
				GCC_WARN_UNINITIALIZED_AUTOS = YES_AGGRESSIVE;
				GCC_WARN_UNUSED_FUNCTION = YES;
				GCC_WARN_UNUSED_VARIABLE = YES;
				IPHONEOS_DEPLOYMENT_TARGET = 15.5;
				MTL_ENABLE_DEBUG_INFO = NO;
				MTL_FAST_MATH = YES;
				SDKROOT = iphoneos;
				SWIFT_COMPILATION_MODE = wholemodule;
				SWIFT_OPTIMIZATION_LEVEL = "-O";
				VALIDATE_PRODUCT = YES;
			};
			name = Release;
		};
		897E1F4B28CB3C84001BE776 /* Debug */ = {
			isa = XCBuildConfiguration;
			buildSettings = {
				ASSETCATALOG_COMPILER_APPICON_NAME = AppIcon;
				ASSETCATALOG_COMPILER_GLOBAL_ACCENT_COLOR_NAME = AccentColor;
				ASSETCATALOG_COMPILER_INCLUDE_ALL_APPICON_ASSETS = YES;
				CODE_SIGN_STYLE = Automatic;
				CURRENT_PROJECT_VERSION = 1;
				DEVELOPMENT_ASSET_PATHS = "\"liste_jeuvidideo_9sept2022/Preview Content\"";
				DEVELOPMENT_TEAM = SV32QZFP9X;
				ENABLE_PREVIEWS = YES;
				GENERATE_INFOPLIST_FILE = YES;
				INFOPLIST_FILE = "liste-jeuvidideo-9sept2022-Info.plist";
				INFOPLIST_KEY_UIApplicationSceneManifest_Generation = YES;
				INFOPLIST_KEY_UIApplicationSupportsIndirectInputEvents = YES;
				INFOPLIST_KEY_UILaunchScreen_Generation = YES;
				INFOPLIST_KEY_UISupportedInterfaceOrientations_iPad = "UIInterfaceOrientationPortrait UIInterfaceOrientationPortraitUpsideDown UIInterfaceOrientationLandscapeLeft UIInterfaceOrientationLandscapeRight";
				INFOPLIST_KEY_UISupportedInterfaceOrientations_iPhone = "UIInterfaceOrientationPortrait UIInterfaceOrientationLandscapeLeft UIInterfaceOrientationLandscapeRight";
				LD_RUNPATH_SEARCH_PATHS = (
					"$(inherited)",
					"@executable_path/Frameworks",
				);
				MARKETING_VERSION = 1.0;
				PRODUCT_BUNDLE_IDENTIFIER = "com.martres.liste-jeuvidideo-9sept2022";
				PRODUCT_NAME = "$(TARGET_NAME)";
				SWIFT_EMIT_LOC_STRINGS = YES;
				SWIFT_VERSION = 5.0;
				TARGETED_DEVICE_FAMILY = "1,2";
			};
			name = Debug;
		};
		897E1F4C28CB3C84001BE776 /* Release */ = {
			isa = XCBuildConfiguration;
			buildSettings = {
				ASSETCATALOG_COMPILER_APPICON_NAME = AppIcon;
				ASSETCATALOG_COMPILER_GLOBAL_ACCENT_COLOR_NAME = AccentColor;
				ASSETCATALOG_COMPILER_INCLUDE_ALL_APPICON_ASSETS = YES;
				CODE_SIGN_STYLE = Automatic;
				CURRENT_PROJECT_VERSION = 1;
				DEVELOPMENT_ASSET_PATHS = "\"liste_jeuvidideo_9sept2022/Preview Content\"";
				DEVELOPMENT_TEAM = SV32QZFP9X;
				ENABLE_PREVIEWS = YES;
				GENERATE_INFOPLIST_FILE = YES;
				INFOPLIST_FILE = "liste-jeuvidideo-9sept2022-Info.plist";
				INFOPLIST_KEY_UIApplicationSceneManifest_Generation = YES;
				INFOPLIST_KEY_UIApplicationSupportsIndirectInputEvents = YES;
				INFOPLIST_KEY_UILaunchScreen_Generation = YES;
				INFOPLIST_KEY_UISupportedInterfaceOrientations_iPad = "UIInterfaceOrientationPortrait UIInterfaceOrientationPortraitUpsideDown UIInterfaceOrientationLandscapeLeft UIInterfaceOrientationLandscapeRight";
				INFOPLIST_KEY_UISupportedInterfaceOrientations_iPhone = "UIInterfaceOrientationPortrait UIInterfaceOrientationLandscapeLeft UIInterfaceOrientationLandscapeRight";
				LD_RUNPATH_SEARCH_PATHS = (
					"$(inherited)",
					"@executable_path/Frameworks",
				);
				MARKETING_VERSION = 1.0;
				PRODUCT_BUNDLE_IDENTIFIER = "com.martres.liste-jeuvidideo-9sept2022";
				PRODUCT_NAME = "$(TARGET_NAME)";
				SWIFT_EMIT_LOC_STRINGS = YES;
				SWIFT_VERSION = 5.0;
				TARGETED_DEVICE_FAMILY = "1,2";
			};
			name = Release;
		};
/* End XCBuildConfiguration section */

/* Begin XCConfigurationList section */
		897E1F3728CB3C82001BE776 /* Build configuration list for PBXProject "liste_jeuvidideo_9sept2022" */ = {
			isa = XCConfigurationList;
			buildConfigurations = (
				897E1F4828CB3C84001BE776 /* Debug */,
				897E1F4928CB3C84001BE776 /* Release */,
			);
			defaultConfigurationIsVisible = 0;
			defaultConfigurationName = Release;
		};
		897E1F4A28CB3C84001BE776 /* Build configuration list for PBXNativeTarget "liste_jeuvidideo_9sept2022" */ = {
			isa = XCConfigurationList;
			buildConfigurations = (
				897E1F4B28CB3C84001BE776 /* Debug */,
				897E1F4C28CB3C84001BE776 /* Release */,
			);
			defaultConfigurationIsVisible = 0;
			defaultConfigurationName = Release;
		};
/* End XCConfigurationList section */
	};
	rootObject = 897E1F3428CB3C82001BE776 /* Project object */;
}
